
Microsoft Visual Studio Solution File, Format Version 12.00
# Visual Studio 15
VisualStudioVersion = 15.0.27428.2005
MinimumVisualStudioVersion = 10.0.40219.1
Project("{FAE04EC0-301F-11D3-BF4B-00C04F79EFBC}") = "FizzBuzz", "FizzBuzz\FizzBuzz.csproj", "{54714599-F31B-45FF-9421-4A101C135250}"
EndProject
Global
	GlobalSection(SolutionConfigurationPlatforms) = preSolution
		Debug|Any CPU = Debug|Any CPU
		Release|Any CPU = Release|Any CPU
	EndGlobalSection
	GlobalSection(ProjectConfigurationPlatforms) = postSolution
		{54714599-F31B-45FF-9421-4A101C135250}.Debug|Any CPU.ActiveCfg = Debug|Any CPU
		{54714599-F31B-45FF-9421-4A101C135250}.Debug|Any CPU.Build.0 = Debug|Any CPU
		{54714599-F31B-45FF-9421-4A101C135250}.Release|Any CPU.ActiveCfg = Release|Any CPU
		{54714599-F31B-45FF-9421-4A101C135250}.Release|Any CPU.Build.0 = Release|Any CPU
	EndGlobalSection
	GlobalSection(SolutionProperties) = preSolution
		HideSolutionNode = FALSE
	EndGlobalSection
	GlobalSection(ExtensibilityGlobals) = postSolution
		SolutionGuid = {7886BDCE-4431-4AE8-8BCC-CB786FAD0EA4}
	EndGlobalSection
EndGlobal
